
Microsoft Visual Studio Solution File, Format Version 12.00
# Visual Studio Version 17
VisualStudioVersion = 17.1.32210.238
MinimumVisualStudioVersion = 10.0.40219.1
Project("{FAE04EC0-301F-11D3-BF4B-00C04F79EFBC}") = "MyAssistant", "MyAssistant\MyAssistant.csproj", "{6B04E774-B342-4916-8815-7D9418B3B7A3}"
EndProject
Global
	GlobalSection(SolutionConfigurationPlatforms) = preSolution
		Debug|Any CPU = Debug|Any CPU
		Release|Any CPU = Release|Any CPU
	EndGlobalSection
	GlobalSection(ProjectConfigurationPlatforms) = postSolution
		{6B04E774-B342-4916-8815-7D9418B3B7A3}.Debug|Any CPU.ActiveCfg = Debug|Any CPU
		{6B04E774-B342-4916-8815-7D9418B3B7A3}.Debug|Any CPU.Build.0 = Debug|Any CPU
		{6B04E774-B342-4916-8815-7D9418B3B7A3}.Release|Any CPU.ActiveCfg = Release|Any CPU
		{6B04E774-B342-4916-8815-7D9418B3B7A3}.Release|Any CPU.Build.0 = Release|Any CPU
	EndGlobalSection
	GlobalSection(SolutionProperties) = preSolution
		HideSolutionNode = FALSE
	EndGlobalSection
	GlobalSection(ExtensibilityGlobals) = postSolution
		SolutionGuid = {3E0C88DB-1787-4748-B945-CE84EA8DDF8A}
	EndGlobalSection
EndGlobal
